
Microsoft Visual Studio Solution File, Format Version 12.00
# Visual Studio Version 17
VisualStudioVersion = 17.5.33424.131
MinimumVisualStudioVersion = 10.0.40219.1
Project("{F184B08F-C81C-45F6-A57F-5ABD9991F28F}") = "ocxtest", "ocxtest\ocxtest.vbproj", "{F05DCF7D-8EB8-4613-BAAA-BA51DC62FADE}"
EndProject
Global
	GlobalSection(SolutionConfigurationPlatforms) = preSolution
		Debug|Any CPU = Debug|Any CPU
		Debug|x86 = Debug|x86
		Release|Any CPU = Release|Any CPU
		Release|x86 = Release|x86
	EndGlobalSection
	GlobalSection(ProjectConfigurationPlatforms) = postSolution
		{F05DCF7D-8EB8-4613-BAAA-BA51DC62FADE}.Debug|Any CPU.ActiveCfg = Debug|Any CPU
		{F05DCF7D-8EB8-4613-BAAA-BA51DC62FADE}.Debug|Any CPU.Build.0 = Debug|Any CPU
		{F05DCF7D-8EB8-4613-BAAA-BA51DC62FADE}.Debug|x86.ActiveCfg = Debug|x86
		{F05DCF7D-8EB8-4613-BAAA-BA51DC62FADE}.Debug|x86.Build.0 = Debug|x86
		{F05DCF7D-8EB8-4613-BAAA-BA51DC62FADE}.Release|Any CPU.ActiveCfg = Release|Any CPU
		{F05DCF7D-8EB8-4613-BAAA-BA51DC62FADE}.Release|Any CPU.Build.0 = Release|Any CPU
		{F05DCF7D-8EB8-4613-BAAA-BA51DC62FADE}.Release|x86.ActiveCfg = Release|x86
		{F05DCF7D-8EB8-4613-BAAA-BA51DC62FADE}.Release|x86.Build.0 = Release|x86
	EndGlobalSection
	GlobalSection(SolutionProperties) = preSolution
		HideSolutionNode = FALSE
	EndGlobalSection
	GlobalSection(ExtensibilityGlobals) = postSolution
		SolutionGuid = {851178D7-002B-47C0-B0A5-245EA10BF291}
	EndGlobalSection
EndGlobal
